// !$*UTF8*$!
{
	archiveVersion = 1;
	classes = {
	};
	objectVersion = 46;
	objects = {

/* Begin PBXBuildFile section */
		03ECAE281E2A523B00E68926 /* AppDelegate.swift in Sources */ = {isa = PBXBuildFile; fileRef = 03ECAE271E2A523B00E68926 /* AppDelegate.swift */; };
		03ECAE2A1E2A523B00E68926 /* ViewController.swift in Sources */ = {isa = PBXBuildFile; fileRef = 03ECAE291E2A523B00E68926 /* ViewController.swift */; };
		03ECAE2D1E2A523B00E68926 /* Main.storyboard in Resources */ = {isa = PBXBuildFile; fileRef = 03ECAE2B1E2A523B00E68926 /* Main.storyboard */; };
		03ECAE2F1E2A523B00E68926 /* Assets.xcassets in Resources */ = {isa = PBXBuildFile; fileRef = 03ECAE2E1E2A523B00E68926 /* Assets.xcassets */; };
		03ECAE321E2A523B00E68926 /* LaunchScreen.storyboard in Resources */ = {isa = PBXBuildFile; fileRef = 03ECAE301E2A523B00E68926 /* LaunchScreen.storyboard */; };
/* End PBXBuildFile section */

/* Begin PBXFileReference section */
		03ECAE241E2A523B00E68926 /* VendingMachine.app */ = {isa = PBXFileReference; explicitFileType = wrapper.application; includeInIndex = 0; path = VendingMachine.app; sourceTree = BUILT_PRODUCTS_DIR; };
		03ECAE271E2A523B00E68926 /* AppDelegate.swift */ = {isa = PBXFileReference; lastKnownFileType = sourcecode.swift; path = AppDelegate.swift; sourceTree = "<group>"; };
		03ECAE291E2A523B00E68926 /* ViewController.swift */ = {isa = PBXFileReference; lastKnownFileType = sourcecode.swift; path = ViewController.swift; sourceTree = "<group>"; };
		03ECAE2C1E2A523B00E68926 /* Base */ = {isa = PBXFileReference; lastKnownFileType = file.storyboard; name = Base; path = Base.lproj/Main.storyboard; sourceTree = "<group>"; };
		03ECAE2E1E2A523B00E68926 /* Assets.xcassets */ = {isa = PBXFileReference; lastKnownFileType = folder.assetcatalog; path = Assets.xcassets; sourceTree = "<group>"; };
		03ECAE311E2A523B00E68926 /* Base */ = {isa = PBXFileReference; lastKnownFileType = file.storyboard; name = Base; path = Base.lproj/LaunchScreen.storyboard; sourceTree = "<group>"; };
		03ECAE331E2A523B00E68926 /* Info.plist */ = {isa = PBXFileReference; lastKnownFileType = text.plist.xml; path = Info.plist; sourceTree = "<group>"; };
/* End PBXFileReference section */

/* Begin PBXFrameworksBuildPhase section */
		03ECAE211E2A523B00E68926 /* Frameworks */ = {
			isa = PBXFrameworksBuildPhase;
			buildActionMask = 2147483647;
			files = (
			);
			runOnlyForDeploymentPostprocessing = 0;
		};
/* End PBXFrameworksBuildPhase section */

/* Begin PBXGroup section */
		03ECAE1B1E2A523B00E68926 = {
			isa = PBXGroup;
			children = (
				03ECAE261E2A523B00E68926 /* VendingMachine */,
				03ECAE251E2A523B00E68926 /* Products */,
			);
			sourceTree = "<group>";
		};
		03ECAE251E2A523B00E68926 /* Products */ = {
			isa = PBXGroup;
			children = (
				03ECAE241E2A523B00E68926 /* VendingMachine.app */,
			);
			name = Products;
			sourceTree = "<group>";
		};
		03ECAE261E2A523B00E68926 /* VendingMachine */ = {
			isa = PBXGroup;
			children = (
				03ECAE271E2A523B00E68926 /* AppDelegate.swift */,
				03ECAE291E2A523B00E68926 /* ViewController.swift */,
				03ECAE2B1E2A523B00E68926 /* Main.storyboard */,
				03ECAE2E1E2A523B00E68926 /* Assets.xcassets */,
				03ECAE301E2A523B00E68926 /* LaunchScreen.storyboard */,
				03ECAE331E2A523B00E68926 /* Info.plist */,
			);
			path = VendingMachine;
			sourceTree = "<group>";
		};
/* End PBXGroup section */

/* Begin PBXNativeTarget section */
		03ECAE231E2A523B00E68926 /* VendingMachine */ = {
			isa = PBXNativeTarget;
			buildConfigurationList = 03ECAE361E2A523B00E68926 /* Build configuration list for PBXNativeTarget "VendingMachine" */;
			buildPhases = (
				03ECAE201E2A523B00E68926 /* Sources */,
				03ECAE211E2A523B00E68926 /* Frameworks */,
				03ECAE221E2A523B00E68926 /* Resources */,
			);
			buildRules = (
			);
			dependencies = (
			);
			name = VendingMachine;
			productName = VendingMachine;
			productReference = 03ECAE241E2A523B00E68926 /* VendingMachine.app */;
			productType = "com.apple.product-type.application";
		};
/* End PBXNativeTarget section */

/* Begin PBXProject section */
		03ECAE1C1E2A523B00E68926 /* Project object */ = {
			isa = PBXProject;
			attributes = {
				LastSwiftUpdateCheck = 0810;
				LastUpgradeCheck = 0810;
				ORGANIZATIONNAME = "Jay Zalawadia";
				TargetAttributes = {
					03ECAE231E2A523B00E68926 = {
						CreatedOnToolsVersion = 8.1;
						DevelopmentTeam = X27KQ37BK4;
						ProvisioningStyle = Automatic;
					};
				};
			};
			buildConfigurationList = 03ECAE1F1E2A523B00E68926 /* Build configuration list for PBXProject "VendingMachine" */;
			compatibilityVersion = "Xcode 3.2";
			developmentRegion = English;
			hasScannedForEncodings = 0;
			knownRegions = (
				en,
				Base,
			);
			mainGroup = 03ECAE1B1E2A523B00E68926;
			productRefGroup = 03ECAE251E2A523B00E68926 /* Products */;
			projectDirPath = "";
			projectRoot = "";
			targets = (
				03ECAE231E2A523B00E68926 /* VendingMachine */,
			);
		};
/* End PBXProject section */

/* Begin PBXResourcesBuildPhase section */
		03ECAE221E2A523B00E68926 /* Resources */ = {
			isa = PBXResourcesBuildPhase;
			buildActionMask = 2147483647;
			files = (
				03ECAE321E2A523B00E68926 /* LaunchScreen.storyboard in Resources */,
				03ECAE2F1E2A523B00E68926 /* Assets.xcassets in Resources */,
				03ECAE2D1E2A523B00E68926 /* Main.storyboard in Resources */,
			);
			runOnlyForDeploymentPostprocessing = 0;
		};
/* End PBXResourcesBuildPhase section */

/* Begin PBXSourcesBuildPhase section */
		03ECAE201E2A523B00E68926 /* Sources */ = {
			isa = PBXSourcesBuildPhase;
			buildActionMask = 2147483647;
			files = (
				03ECAE2A1E2A523B00E68926 /* ViewController.swift in Sources */,
				03ECAE281E2A523B00E68926 /* AppDelegate.swift in Sources */,
			);
			runOnlyForDeploymentPostprocessing = 0;
		};
/* End PBXSourcesBuildPhase section */

/* Begin PBXVariantGroup section */
		03ECAE2B1E2A523B00E68926 /* Main.storyboard */ = {
			isa = PBXVariantGroup;
			children = (
				03ECAE2C1E2A523B00E68926 /* Base */,
			);
			name = Main.storyboard;
			sourceTree = "<group>";
		};
		03ECAE301E2A523B00E68926 /* LaunchScreen.storyboard */ = {
			isa = PBXVariantGroup;
			children = (
				03ECAE311E2A523B00E68926 /* Base */,
			);
			name = LaunchScreen.storyboard;
			sourceTree = "<group>";
		};
/* End PBXVariantGroup section */

/* Begin XCBuildConfiguration section */
		03ECAE341E2A523B00E68926 /* Debug */ = {
			isa = XCBuildConfiguration;
			buildSettings = {
				ALWAYS_SEARCH_USER_PATHS = NO;
				CLANG_ANALYZER_NONNULL = YES;
				CLANG_CXX_LANGUAGE_STANDARD = "gnu++0x";
				CLANG_CXX_LIBRARY = "libc++";
				CLANG_ENABLE_MODULES = YES;
				CLANG_ENABLE_OBJC_ARC = YES;
				CLANG_WARN_BOOL_CONVERSION = YES;
				CLANG_WARN_CONSTANT_CONVERSION = YES;
				CLANG_WARN_DIRECT_OBJC_ISA_USAGE = YES_ERROR;
				CLANG_WARN_DOCUMENTATION_COMMENTS = YES;
				CLANG_WARN_EMPTY_BODY = YES;
				CLANG_WARN_ENUM_CONVERSION = YES;
				CLANG_WARN_INFINITE_RECURSION = YES;
				CLANG_WARN_INT_CONVERSION = YES;
				CLANG_WARN_OBJC_ROOT_CLASS = YES_ERROR;
				CLANG_WARN_SUSPICIOUS_MOVES = YES;
				CLANG_WARN_UNREACHABLE_CODE = YES;
				CLANG_WARN__DUPLICATE_METHOD_MATCH = YES;
				"CODE_SIGN_IDENTITY[sdk=iphoneos*]" = "iPhone Developer";
				COPY_PHASE_STRIP = NO;
				DEBUG_INFORMATION_FORMAT = dwarf;
				ENABLE_STRICT_OBJC_MSGSEND = YES;
				ENABLE_TESTABILITY = YES;
				GCC_C_LANGUAGE_STANDARD = gnu99;
				GCC_DYNAMIC_NO_PIC = NO;
				GCC_NO_COMMON_BLOCKS = YES;
				GCC_OPTIMIZATION_LEVEL = 0;
				GCC_PREPROCESSOR_DEFINITIONS = (
					"DEBUG=1",
					"$(inherited)",
				);
				GCC_WARN_64_TO_32_BIT_CONVERSION = YES;
				GCC_WARN_ABOUT_RETURN_TYPE = YES_ERROR;
				GCC_WARN_UNDECLARED_SELECTOR = YES;
				GCC_WARN_UNINITIALIZED_AUTOS = YES_AGGRESSIVE;
				GCC_WARN_UNUSED_FUNCTION = YES;
				GCC_WARN_UNUSED_VARIABLE = YES;
				IPHONEOS_DEPLOYMENT_TARGET = 10.1;
				MTL_ENABLE_DEBUG_INFO = YES;
				ONLY_ACTIVE_ARCH = YES;
				SDKROOT = iphoneos;
				SWIFT_ACTIVE_COMPILATION_CONDITIONS = DEBUG;
				SWIFT_OPTIMIZATION_LEVEL = "-Onone";
			};
			name = Debug;
		};
		03ECAE351E2A523B00E68926 /* Release */ = {
			isa = XCBuildConfiguration;
			buildSettings = {
				ALWAYS_SEARCH_USER_PATHS = NO;
				CLANG_ANALYZER_NONNULL = YES;
				CLANG_CXX_LANGUAGE_STANDARD = "gnu++0x";
				CLANG_CXX_LIBRARY = "libc++";
				CLANG_ENABLE_MODULES = YES;
				CLANG_ENABLE_OBJC_ARC = YES;
				CLANG_WARN_BOOL_CONVERSION = YES;
				CLANG_WARN_CONSTANT_CONVERSION = YES;
				CLANG_WARN_DIRECT_OBJC_ISA_USAGE = YES_ERROR;
				CLANG_WARN_DOCUMENTATION_COMMENTS = YES;
				CLANG_WARN_EMPTY_BODY = YES;
				CLANG_WARN_ENUM_CONVERSION = YES;
				CLANG_WARN_INFINITE_RECURSION = YES;
				CLANG_WARN_INT_CONVERSION = YES;
				CLANG_WARN_OBJC_ROOT_CLASS = YES_ERROR;
				CLANG_WARN_SUSPICIOUS_MOVES = YES;
				CLANG_WARN_UNREACHABLE_CODE = YES;
				CLANG_WARN__DUPLICATE_METHOD_MATCH = YES;
				"CODE_SIGN_IDENTITY[sdk=iphoneos*]" = "iPhone Developer";
				COPY_PHASE_STRIP = NO;
				DEBUG_INFORMATION_FORMAT = "dwarf-with-dsym";
				ENABLE_NS_ASSERTIONS = NO;
				ENABLE_STRICT_OBJC_MSGSEND = YES;
				GCC_C_LANGUAGE_STANDARD = gnu99;
				GCC_NO_COMMON_BLOCKS = YES;
				GCC_WARN_64_TO_32_BIT_CONVERSION = YES;
				GCC_WARN_ABOUT_RETURN_TYPE = YES_ERROR;
				GCC_WARN_UNDECLARED_SELECTOR = YES;
				GCC_WARN_UNINITIALIZED_AUTOS = YES_AGGRESSIVE;
				GCC_WARN_UNUSED_FUNCTION = YES;
				GCC_WARN_UNUSED_VARIABLE = YES;
				IPHONEOS_DEPLOYMENT_TARGET = 10.1;
				MTL_ENABLE_DEBUG_INFO = NO;
				SDKROOT = iphoneos;
				SWIFT_OPTIMIZATION_LEVEL = "-Owholemodule";
				VALIDATE_PRODUCT = YES;
			};
			name = Release;
		};
		03ECAE371E2A523B00E68926 /* Debug */ = {
			isa = XCBuildConfiguration;
			buildSettings = {
				ASSETCATALOG_COMPILER_APPICON_NAME = AppIcon;
				DEVELOPMENT_TEAM = X27KQ37BK4;
				INFOPLIST_FILE = VendingMachine/Info.plist;
				LD_RUNPATH_SEARCH_PATHS = "$(inherited) @executable_path/Frameworks";
				PRODUCT_BUNDLE_IDENTIFIER = edu.nyit.VendingMachine;
				PRODUCT_NAME = "$(TARGET_NAME)";
				SWIFT_VERSION = 3.0;
			};
			name = Debug;
		};
		03ECAE381E2A523B00E68926 /* Release */ = {
			isa = XCBuildConfiguration;
			buildSettings = {
				ASSETCATALOG_COMPILER_APPICON_NAME = AppIcon;
				DEVELOPMENT_TEAM = X27KQ37BK4;
				INFOPLIST_FILE = VendingMachine/Info.plist;
				LD_RUNPATH_SEARCH_PATHS = "$(inherited) @executable_path/Frameworks";
				PRODUCT_BUNDLE_IDENTIFIER = edu.nyit.VendingMachine;
				PRODUCT_NAME = "$(TARGET_NAME)";
				SWIFT_VERSION = 3.0;
			};
			name = Release;
		};
/* End XCBuildConfiguration section */

/* Begin XCConfigurationList section */
		03ECAE1F1E2A523B00E68926 /* Build configuration list for PBXProject "VendingMachine" */ = {
			isa = XCConfigurationList;
			buildConfigurations = (
				03ECAE341E2A523B00E68926 /* Debug */,
				03ECAE351E2A523B00E68926 /* Release */,
			);
			defaultConfigurationIsVisible = 0;
			defaultConfigurationName = Release;
		};
		03ECAE361E2A523B00E68926 /* Build configuration list for PBXNativeTarget "VendingMachine" */ = {
			isa = XCConfigurationList;
			buildConfigurations = (
				03ECAE371E2A523B00E68926 /* Debug */,
				03ECAE381E2A523B00E68926 /* Release */,
			);
			defaultConfigurationIsVisible = 0;
		};
/* End XCConfigurationList section */
	};
	rootObject = 03ECAE1C1E2A523B00E68926 /* Project object */;
}
